
Microsoft Visual Studio Solution File, Format Version 12.00
# Visual Studio Version 16
VisualStudioVersion = 16.0.30523.141
MinimumVisualStudioVersion = 10.0.40219.1
Project("{FAE04EC0-301F-11D3-BF4B-00C04F79EFBC}") = "ProyectoFinal", "ProyectoFinal\ProyectoFinal.csproj", "{8AFE6E96-7136-4911-856D-D2D11A1B6BDC}"
EndProject
Global
	GlobalSection(SolutionConfigurationPlatforms) = preSolution
		Debug|Any CPU = Debug|Any CPU
		Release|Any CPU = Release|Any CPU
	EndGlobalSection
	GlobalSection(ProjectConfigurationPlatforms) = postSolution
		{8AFE6E96-7136-4911-856D-D2D11A1B6BDC}.Debug|Any CPU.ActiveCfg = Debug|Any CPU
		{8AFE6E96-7136-4911-856D-D2D11A1B6BDC}.Debug|Any CPU.Build.0 = Debug|Any CPU
		{8AFE6E96-7136-4911-856D-D2D11A1B6BDC}.Release|Any CPU.ActiveCfg = Release|Any CPU
		{8AFE6E96-7136-4911-856D-D2D11A1B6BDC}.Release|Any CPU.Build.0 = Release|Any CPU
	EndGlobalSection
	GlobalSection(SolutionProperties) = preSolution
		HideSolutionNode = FALSE
	EndGlobalSection
	GlobalSection(ExtensibilityGlobals) = postSolution
		SolutionGuid = {61A8BEF5-5786-466D-9A7E-60643F4787AB}
	EndGlobalSection
EndGlobal
